
Microsoft Visual Studio Solution File, Format Version 12.00
# Visual Studio 15
VisualStudioVersion = 15.0.27130.2027
MinimumVisualStudioVersion = 10.0.40219.1
Project("{FAE04EC0-301F-11D3-BF4B-00C04F79EFBC}") = "Unit testing.Android", "Unit testing\Unit testing.Android\Unit testing.Android.csproj", "{E57058B2-C667-4C49-9E96-9027F75C11D4}"
EndProject
Project("{FAE04EC0-301F-11D3-BF4B-00C04F79EFBC}") = "Unit testing.iOS", "Unit testing\Unit testing.iOS\Unit testing.iOS.csproj", "{322FA4D0-8250-4D5D-9EB7-C910DD2F96A3}"
EndProject
Project("{FAE04EC0-301F-11D3-BF4B-00C04F79EFBC}") = "Unit testing", "Unit testing\Unit testing\Unit testing.csproj", "{942CAF73-0C9D-4185-8673-F1D1366969D3}"
EndProject
Global
	GlobalSection(SolutionConfigurationPlatforms) = preSolution
		Ad-Hoc|Any CPU = Ad-Hoc|Any CPU
		Ad-Hoc|iPhone = Ad-Hoc|iPhone
		Ad-Hoc|iPhoneSimulator = Ad-Hoc|iPhoneSimulator
		AppStore|Any CPU = AppStore|Any CPU
		AppStore|iPhone = AppStore|iPhone
		AppStore|iPhoneSimulator = AppStore|iPhoneSimulator
		Debug|Any CPU = Debug|Any CPU
		Debug|iPhone = Debug|iPhone
		Debug|iPhoneSimulator = Debug|iPhoneSimulator
		Release|Any CPU = Release|Any CPU
		Release|iPhone = Release|iPhone
		Release|iPhoneSimulator = Release|iPhoneSimulator
	EndGlobalSection
	GlobalSection(ProjectConfigurationPlatforms) = postSolution
		{E57058B2-C667-4C49-9E96-9027F75C11D4}.Ad-Hoc|Any CPU.ActiveCfg = Release|Any CPU
		{E57058B2-C667-4C49-9E96-9027F75C11D4}.Ad-Hoc|Any CPU.Build.0 = Release|Any CPU
		{E57058B2-C667-4C49-9E96-9027F75C11D4}.Ad-Hoc|Any CPU.Deploy.0 = Release|Any CPU
		{E57058B2-C667-4C49-9E96-9027F75C11D4}.Ad-Hoc|iPhone.ActiveCfg = Release|Any CPU
		{E57058B2-C667-4C49-9E96-9027F75C11D4}.Ad-Hoc|iPhone.Build.0 = Release|Any CPU
		{E57058B2-C667-4C49-9E96-9027F75C11D4}.Ad-Hoc|iPhone.Deploy.0 = Release|Any CPU
		{E57058B2-C667-4C49-9E96-9027F75C11D4}.Ad-Hoc|iPhoneSimulator.ActiveCfg = Release|Any CPU
		{E57058B2-C667-4C49-9E96-9027F75C11D4}.Ad-Hoc|iPhoneSimulator.Build.0 = Release|Any CPU
		{E57058B2-C667-4C49-9E96-9027F75C11D4}.Ad-Hoc|iPhoneSimulator.Deploy.0 = Release|Any CPU
		{E57058B2-C667-4C49-9E96-9027F75C11D4}.AppStore|Any CPU.ActiveCfg = Release|Any CPU
		{E57058B2-C667-4C49-9E96-9027F75C11D4}.AppStore|Any CPU.Build.0 = Release|Any CPU
		{E57058B2-C667-4C49-9E96-9027F75C11D4}.AppStore|Any CPU.Deploy.0 = Release|Any CPU
		{E57058B2-C667-4C49-9E96-9027F75C11D4}.AppStore|iPhone.ActiveCfg = Release|Any CPU
		{E57058B2-C667-4C49-9E96-9027F75C11D4}.AppStore|iPhone.Build.0 = Release|Any CPU
		{E57058B2-C667-4C49-9E96-9027F75C11D4}.AppStore|iPhone.Deploy.0 = Release|Any CPU
		{E57058B2-C667-4C49-9E96-9027F75C11D4}.AppStore|iPhoneSimulator.ActiveCfg = Release|Any CPU
		{E57058B2-C667-4C49-9E96-9027F75C11D4}.AppStore|iPhoneSimulator.Build.0 = Release|Any CPU
		{E57058B2-C667-4C49-9E96-9027F75C11D4}.AppStore|iPhoneSimulator.Deploy.0 = Release|Any CPU
		{E57058B2-C667-4C49-9E96-9027F75C11D4}.Debug|Any CPU.ActiveCfg = Debug|Any CPU
		{E57058B2-C667-4C49-9E96-9027F75C11D4}.Debug|Any CPU.Build.0 = Debug|Any CPU
		{E57058B2-C667-4C49-9E96-9027F75C11D4}.Debug|Any CPU.Deploy.0 = Debug|Any CPU
		{E57058B2-C667-4C49-9E96-9027F75C11D4}.Debug|iPhone.ActiveCfg = Debug|Any CPU
		{E57058B2-C667-4C49-9E96-9027F75C11D4}.Debug|iPhone.Build.0 = Debug|Any CPU
		{E57058B2-C667-4C49-9E96-9027F75C11D4}.Debug|iPhone.Deploy.0 = Debug|Any CPU
		{E57058B2-C667-4C49-9E96-9027F75C11D4}.Debug|iPhoneSimulator.ActiveCfg = Debug|Any CPU
		{E57058B2-C667-4C49-9E96-9027F75C11D4}.Debug|iPhoneSimulator.Build.0 = Debug|Any CPU
		{E57058B2-C667-4C49-9E96-9027F75C11D4}.Debug|iPhoneSimulator.Deploy.0 = Debug|Any CPU
		{E57058B2-C667-4C49-9E96-9027F75C11D4}.Release|Any CPU.ActiveCfg = Release|Any CPU
		{E57058B2-C667-4C49-9E96-9027F75C11D4}.Release|Any CPU.Build.0 = Release|Any CPU
		{E57058B2-C667-4C49-9E96-9027F75C11D4}.Release|Any CPU.Deploy.0 = Release|Any CPU
		{E57058B2-C667-4C49-9E96-9027F75C11D4}.Release|iPhone.ActiveCfg = Release|Any CPU
		{E57058B2-C667-4C49-9E96-9027F75C11D4}.Release|iPhone.Build.0 = Release|Any CPU
		{E57058B2-C667-4C49-9E96-9027F75C11D4}.Release|iPhone.Deploy.0 = Release|Any CPU
		{E57058B2-C667-4C49-9E96-9027F75C11D4}.Release|iPhoneSimulator.ActiveCfg = Release|Any CPU
		{E57058B2-C667-4C49-9E96-9027F75C11D4}.Release|iPhoneSimulator.Build.0 = Release|Any CPU
		{E57058B2-C667-4C49-9E96-9027F75C11D4}.Release|iPhoneSimulator.Deploy.0 = Release|Any CPU
		{322FA4D0-8250-4D5D-9EB7-C910DD2F96A3}.Ad-Hoc|Any CPU.ActiveCfg = Ad-Hoc|iPhone
		{322FA4D0-8250-4D5D-9EB7-C910DD2F96A3}.Ad-Hoc|iPhone.ActiveCfg = Ad-Hoc|iPhone
		{322FA4D0-8250-4D5D-9EB7-C910DD2F96A3}.Ad-Hoc|iPhone.Build.0 = Ad-Hoc|iPhone
		{322FA4D0-8250-4D5D-9EB7-C910DD2F96A3}.Ad-Hoc|iPhoneSimulator.ActiveCfg = Ad-Hoc|iPhoneSimulator
		{322FA4D0-8250-4D5D-9EB7-C910DD2F96A3}.Ad-Hoc|iPhoneSimulator.Build.0 = Ad-Hoc|iPhoneSimulator
		{322FA4D0-8250-4D5D-9EB7-C910DD2F96A3}.AppStore|Any CPU.ActiveCfg = AppStore|iPhone
		{322FA4D0-8250-4D5D-9EB7-C910DD2F96A3}.AppStore|iPhone.ActiveCfg = AppStore|iPhone
		{322FA4D0-8250-4D5D-9EB7-C910DD2F96A3}.AppStore|iPhone.Build.0 = AppStore|iPhone
		{322FA4D0-8250-4D5D-9EB7-C910DD2F96A3}.AppStore|iPhoneSimulator.ActiveCfg = AppStore|iPhoneSimulator
		{322FA4D0-8250-4D5D-9EB7-C910DD2F96A3}.AppStore|iPhoneSimulator.Build.0 = AppStore|iPhoneSimulator
		{322FA4D0-8250-4D5D-9EB7-C910DD2F96A3}.Debug|Any CPU.ActiveCfg = Debug|iPhone
		{322FA4D0-8250-4D5D-9EB7-C910DD2F96A3}.Debug|iPhone.ActiveCfg = Debug|iPhone
		{322FA4D0-8250-4D5D-9EB7-C910DD2F96A3}.Debug|iPhone.Build.0 = Debug|iPhone
		{322FA4D0-8250-4D5D-9EB7-C910DD2F96A3}.Debug|iPhoneSimulator.ActiveCfg = Debug|iPhoneSimulator
		{322FA4D0-8250-4D5D-9EB7-C910DD2F96A3}.Debug|iPhoneSimulator.Build.0 = Debug|iPhoneSimulator
		{322FA4D0-8250-4D5D-9EB7-C910DD2F96A3}.Release|Any CPU.ActiveCfg = Release|iPhone
		{322FA4D0-8250-4D5D-9EB7-C910DD2F96A3}.Release|iPhone.ActiveCfg = Release|iPhone
		{322FA4D0-8250-4D5D-9EB7-C910DD2F96A3}.Release|iPhone.Build.0 = Release|iPhone
		{322FA4D0-8250-4D5D-9EB7-C910DD2F96A3}.Release|iPhoneSimulator.ActiveCfg = Release|iPhoneSimulator
		{322FA4D0-8250-4D5D-9EB7-C910DD2F96A3}.Release|iPhoneSimulator.Build.0 = Release|iPhoneSimulator
		{942CAF73-0C9D-4185-8673-F1D1366969D3}.Ad-Hoc|Any CPU.ActiveCfg = Debug|Any CPU
		{942CAF73-0C9D-4185-8673-F1D1366969D3}.Ad-Hoc|Any CPU.Build.0 = Debug|Any CPU
		{942CAF73-0C9D-4185-8673-F1D1366969D3}.Ad-Hoc|iPhone.ActiveCfg = Debug|Any CPU
		{942CAF73-0C9D-4185-8673-F1D1366969D3}.Ad-Hoc|iPhone.Build.0 = Debug|Any CPU
		{942CAF73-0C9D-4185-8673-F1D1366969D3}.Ad-Hoc|iPhoneSimulator.ActiveCfg = Debug|Any CPU
		{942CAF73-0C9D-4185-8673-F1D1366969D3}.Ad-Hoc|iPhoneSimulator.Build.0 = Debug|Any CPU
		{942CAF73-0C9D-4185-8673-F1D1366969D3}.AppStore|Any CPU.ActiveCfg = Debug|Any CPU
		{942CAF73-0C9D-4185-8673-F1D1366969D3}.AppStore|Any CPU.Build.0 = Debug|Any CPU
		{942CAF73-0C9D-4185-8673-F1D1366969D3}.AppStore|iPhone.ActiveCfg = Debug|Any CPU
		{942CAF73-0C9D-4185-8673-F1D1366969D3}.AppStore|iPhone.Build.0 = Debug|Any CPU
		{942CAF73-0C9D-4185-8673-F1D1366969D3}.AppStore|iPhoneSimulator.ActiveCfg = Debug|Any CPU
		{942CAF73-0C9D-4185-8673-F1D1366969D3}.AppStore|iPhoneSimulator.Build.0 = Debug|Any CPU
		{942CAF73-0C9D-4185-8673-F1D1366969D3}.Debug|Any CPU.ActiveCfg = Debug|Any CPU
		{942CAF73-0C9D-4185-8673-F1D1366969D3}.Debug|Any CPU.Build.0 = Debug|Any CPU
		{942CAF73-0C9D-4185-8673-F1D1366969D3}.Debug|iPhone.ActiveCfg = Debug|Any CPU
		{942CAF73-0C9D-4185-8673-F1D1366969D3}.Debug|iPhone.Build.0 = Debug|Any CPU
		{942CAF73-0C9D-4185-8673-F1D1366969D3}.Debug|iPhoneSimulator.ActiveCfg = Debug|Any CPU
		{942CAF73-0C9D-4185-8673-F1D1366969D3}.Debug|iPhoneSimulator.Build.0 = Debug|Any CPU
		{942CAF73-0C9D-4185-8673-F1D1366969D3}.Release|Any CPU.ActiveCfg = Release|Any CPU
		{942CAF73-0C9D-4185-8673-F1D1366969D3}.Release|Any CPU.Build.0 = Release|Any CPU
		{942CAF73-0C9D-4185-8673-F1D1366969D3}.Release|iPhone.ActiveCfg = Release|Any CPU
		{942CAF73-0C9D-4185-8673-F1D1366969D3}.Release|iPhone.Build.0 = Release|Any CPU
		{942CAF73-0C9D-4185-8673-F1D1366969D3}.Release|iPhoneSimulator.ActiveCfg = Release|Any CPU
		{942CAF73-0C9D-4185-8673-F1D1366969D3}.Release|iPhoneSimulator.Build.0 = Release|Any CPU
	EndGlobalSection
	GlobalSection(SolutionProperties) = preSolution
		HideSolutionNode = FALSE
	EndGlobalSection
	GlobalSection(ExtensibilityGlobals) = postSolution
		SolutionGuid = {85DAEA57-4290-4FAA-B6EC-9C9F2D49CD91}
	EndGlobalSection
EndGlobal
