
Microsoft Visual Studio Solution File, Format Version 12.00
# Visual Studio 15
VisualStudioVersion = 15.0.27004.2006
MinimumVisualStudioVersion = 10.0.40219.1
Project("{D954291E-2A0B-460D-934E-DC6B0785DB48}") = "Diary", "Diary\Diary\Diary.shproj", "{7F6A48F6-BA43-4FEC-8C64-F22A7742CA71}"
EndProject
Project("{FAE04EC0-301F-11D3-BF4B-00C04F79EFBC}") = "Diary.Android", "Diary\Diary.Android\Diary.Android.csproj", "{4AE1E1DB-EFA6-4597-BF3D-5BA82B0FFAE7}"
EndProject
Project("{FAE04EC0-301F-11D3-BF4B-00C04F79EFBC}") = "Diary.iOS", "Diary\Diary.iOS\Diary.iOS.csproj", "{7DE0FC90-55BE-47AF-B77F-02E91BA9BDB5}"
EndProject
Global
	GlobalSection(SharedMSBuildProjectFiles) = preSolution
		Diary\Diary\Diary.projitems*{4ae1e1db-efa6-4597-bf3d-5ba82b0ffae7}*SharedItemsImports = 4
		Diary\Diary\Diary.projitems*{7de0fc90-55be-47af-b77f-02e91ba9bdb5}*SharedItemsImports = 4
		Diary\Diary\Diary.projitems*{7f6a48f6-ba43-4fec-8c64-f22a7742ca71}*SharedItemsImports = 13
	EndGlobalSection
	GlobalSection(SolutionConfigurationPlatforms) = preSolution
		Ad-Hoc|Any CPU = Ad-Hoc|Any CPU
		Ad-Hoc|iPhone = Ad-Hoc|iPhone
		Ad-Hoc|iPhoneSimulator = Ad-Hoc|iPhoneSimulator
		AppStore|Any CPU = AppStore|Any CPU
		AppStore|iPhone = AppStore|iPhone
		AppStore|iPhoneSimulator = AppStore|iPhoneSimulator
		Debug|Any CPU = Debug|Any CPU
		Debug|iPhone = Debug|iPhone
		Debug|iPhoneSimulator = Debug|iPhoneSimulator
		Release|Any CPU = Release|Any CPU
		Release|iPhone = Release|iPhone
		Release|iPhoneSimulator = Release|iPhoneSimulator
	EndGlobalSection
	GlobalSection(ProjectConfigurationPlatforms) = postSolution
		{4AE1E1DB-EFA6-4597-BF3D-5BA82B0FFAE7}.Ad-Hoc|Any CPU.ActiveCfg = Release|Any CPU
		{4AE1E1DB-EFA6-4597-BF3D-5BA82B0FFAE7}.Ad-Hoc|Any CPU.Build.0 = Release|Any CPU
		{4AE1E1DB-EFA6-4597-BF3D-5BA82B0FFAE7}.Ad-Hoc|Any CPU.Deploy.0 = Release|Any CPU
		{4AE1E1DB-EFA6-4597-BF3D-5BA82B0FFAE7}.Ad-Hoc|iPhone.ActiveCfg = Release|Any CPU
		{4AE1E1DB-EFA6-4597-BF3D-5BA82B0FFAE7}.Ad-Hoc|iPhone.Build.0 = Release|Any CPU
		{4AE1E1DB-EFA6-4597-BF3D-5BA82B0FFAE7}.Ad-Hoc|iPhone.Deploy.0 = Release|Any CPU
		{4AE1E1DB-EFA6-4597-BF3D-5BA82B0FFAE7}.Ad-Hoc|iPhoneSimulator.ActiveCfg = Release|Any CPU
		{4AE1E1DB-EFA6-4597-BF3D-5BA82B0FFAE7}.Ad-Hoc|iPhoneSimulator.Build.0 = Release|Any CPU
		{4AE1E1DB-EFA6-4597-BF3D-5BA82B0FFAE7}.Ad-Hoc|iPhoneSimulator.Deploy.0 = Release|Any CPU
		{4AE1E1DB-EFA6-4597-BF3D-5BA82B0FFAE7}.AppStore|Any CPU.ActiveCfg = Release|Any CPU
		{4AE1E1DB-EFA6-4597-BF3D-5BA82B0FFAE7}.AppStore|Any CPU.Build.0 = Release|Any CPU
		{4AE1E1DB-EFA6-4597-BF3D-5BA82B0FFAE7}.AppStore|Any CPU.Deploy.0 = Release|Any CPU
		{4AE1E1DB-EFA6-4597-BF3D-5BA82B0FFAE7}.AppStore|iPhone.ActiveCfg = Release|Any CPU
		{4AE1E1DB-EFA6-4597-BF3D-5BA82B0FFAE7}.AppStore|iPhone.Build.0 = Release|Any CPU
		{4AE1E1DB-EFA6-4597-BF3D-5BA82B0FFAE7}.AppStore|iPhone.Deploy.0 = Release|Any CPU
		{4AE1E1DB-EFA6-4597-BF3D-5BA82B0FFAE7}.AppStore|iPhoneSimulator.ActiveCfg = Release|Any CPU
		{4AE1E1DB-EFA6-4597-BF3D-5BA82B0FFAE7}.AppStore|iPhoneSimulator.Build.0 = Release|Any CPU
		{4AE1E1DB-EFA6-4597-BF3D-5BA82B0FFAE7}.AppStore|iPhoneSimulator.Deploy.0 = Release|Any CPU
		{4AE1E1DB-EFA6-4597-BF3D-5BA82B0FFAE7}.Debug|Any CPU.ActiveCfg = Debug|Any CPU
		{4AE1E1DB-EFA6-4597-BF3D-5BA82B0FFAE7}.Debug|Any CPU.Build.0 = Debug|Any CPU
		{4AE1E1DB-EFA6-4597-BF3D-5BA82B0FFAE7}.Debug|Any CPU.Deploy.0 = Debug|Any CPU
		{4AE1E1DB-EFA6-4597-BF3D-5BA82B0FFAE7}.Debug|iPhone.ActiveCfg = Debug|Any CPU
		{4AE1E1DB-EFA6-4597-BF3D-5BA82B0FFAE7}.Debug|iPhone.Build.0 = Debug|Any CPU
		{4AE1E1DB-EFA6-4597-BF3D-5BA82B0FFAE7}.Debug|iPhone.Deploy.0 = Debug|Any CPU
		{4AE1E1DB-EFA6-4597-BF3D-5BA82B0FFAE7}.Debug|iPhoneSimulator.ActiveCfg = Debug|Any CPU
		{4AE1E1DB-EFA6-4597-BF3D-5BA82B0FFAE7}.Debug|iPhoneSimulator.Build.0 = Debug|Any CPU
		{4AE1E1DB-EFA6-4597-BF3D-5BA82B0FFAE7}.Debug|iPhoneSimulator.Deploy.0 = Debug|Any CPU
		{4AE1E1DB-EFA6-4597-BF3D-5BA82B0FFAE7}.Release|Any CPU.ActiveCfg = Release|Any CPU
		{4AE1E1DB-EFA6-4597-BF3D-5BA82B0FFAE7}.Release|Any CPU.Build.0 = Release|Any CPU
		{4AE1E1DB-EFA6-4597-BF3D-5BA82B0FFAE7}.Release|Any CPU.Deploy.0 = Release|Any CPU
		{4AE1E1DB-EFA6-4597-BF3D-5BA82B0FFAE7}.Release|iPhone.ActiveCfg = Release|Any CPU
		{4AE1E1DB-EFA6-4597-BF3D-5BA82B0FFAE7}.Release|iPhone.Build.0 = Release|Any CPU
		{4AE1E1DB-EFA6-4597-BF3D-5BA82B0FFAE7}.Release|iPhone.Deploy.0 = Release|Any CPU
		{4AE1E1DB-EFA6-4597-BF3D-5BA82B0FFAE7}.Release|iPhoneSimulator.ActiveCfg = Release|Any CPU
		{4AE1E1DB-EFA6-4597-BF3D-5BA82B0FFAE7}.Release|iPhoneSimulator.Build.0 = Release|Any CPU
		{4AE1E1DB-EFA6-4597-BF3D-5BA82B0FFAE7}.Release|iPhoneSimulator.Deploy.0 = Release|Any CPU
		{7DE0FC90-55BE-47AF-B77F-02E91BA9BDB5}.Ad-Hoc|Any CPU.ActiveCfg = Ad-Hoc|iPhoneSimulator
		{7DE0FC90-55BE-47AF-B77F-02E91BA9BDB5}.Ad-Hoc|iPhone.ActiveCfg = Ad-Hoc|iPhone
		{7DE0FC90-55BE-47AF-B77F-02E91BA9BDB5}.Ad-Hoc|iPhone.Build.0 = Ad-Hoc|iPhone
		{7DE0FC90-55BE-47AF-B77F-02E91BA9BDB5}.Ad-Hoc|iPhoneSimulator.ActiveCfg = Ad-Hoc|iPhoneSimulator
		{7DE0FC90-55BE-47AF-B77F-02E91BA9BDB5}.Ad-Hoc|iPhoneSimulator.Build.0 = Ad-Hoc|iPhoneSimulator
		{7DE0FC90-55BE-47AF-B77F-02E91BA9BDB5}.AppStore|Any CPU.ActiveCfg = AppStore|iPhoneSimulator
		{7DE0FC90-55BE-47AF-B77F-02E91BA9BDB5}.AppStore|iPhone.ActiveCfg = AppStore|iPhone
		{7DE0FC90-55BE-47AF-B77F-02E91BA9BDB5}.AppStore|iPhone.Build.0 = AppStore|iPhone
		{7DE0FC90-55BE-47AF-B77F-02E91BA9BDB5}.AppStore|iPhoneSimulator.ActiveCfg = AppStore|iPhoneSimulator
		{7DE0FC90-55BE-47AF-B77F-02E91BA9BDB5}.AppStore|iPhoneSimulator.Build.0 = AppStore|iPhoneSimulator
		{7DE0FC90-55BE-47AF-B77F-02E91BA9BDB5}.Debug|Any CPU.ActiveCfg = Debug|iPhoneSimulator
		{7DE0FC90-55BE-47AF-B77F-02E91BA9BDB5}.Debug|iPhone.ActiveCfg = Debug|iPhone
		{7DE0FC90-55BE-47AF-B77F-02E91BA9BDB5}.Debug|iPhone.Build.0 = Debug|iPhone
		{7DE0FC90-55BE-47AF-B77F-02E91BA9BDB5}.Debug|iPhoneSimulator.ActiveCfg = Debug|iPhoneSimulator
		{7DE0FC90-55BE-47AF-B77F-02E91BA9BDB5}.Debug|iPhoneSimulator.Build.0 = Debug|iPhoneSimulator
		{7DE0FC90-55BE-47AF-B77F-02E91BA9BDB5}.Release|Any CPU.ActiveCfg = Release|iPhoneSimulator
		{7DE0FC90-55BE-47AF-B77F-02E91BA9BDB5}.Release|iPhone.ActiveCfg = Release|iPhone
		{7DE0FC90-55BE-47AF-B77F-02E91BA9BDB5}.Release|iPhone.Build.0 = Release|iPhone
		{7DE0FC90-55BE-47AF-B77F-02E91BA9BDB5}.Release|iPhoneSimulator.ActiveCfg = Release|iPhoneSimulator
		{7DE0FC90-55BE-47AF-B77F-02E91BA9BDB5}.Release|iPhoneSimulator.Build.0 = Release|iPhoneSimulator
	EndGlobalSection
	GlobalSection(SolutionProperties) = preSolution
		HideSolutionNode = FALSE
	EndGlobalSection
	GlobalSection(ExtensibilityGlobals) = postSolution
		SolutionGuid = {07739242-92D1-4AEF-A635-59FD98C2E84F}
	EndGlobalSection
EndGlobal
