
Microsoft Visual Studio Solution File, Format Version 12.00
# Visual Studio 15
VisualStudioVersion = 15.0.27130.2010
MinimumVisualStudioVersion = 10.0.40219.1
Project("{FAE04EC0-301F-11D3-BF4B-00C04F79EFBC}") = "Task_10.Android", "Task_10\Task_10.Android\Task_10.Android.csproj", "{D905FC84-E804-4163-8272-78B1D01F391B}"
EndProject
Project("{FAE04EC0-301F-11D3-BF4B-00C04F79EFBC}") = "Task_10.iOS", "Task_10\Task_10.iOS\Task_10.iOS.csproj", "{5D1CF034-6216-4C99-9698-9A2AB1E7094C}"
EndProject
Project("{FAE04EC0-301F-11D3-BF4B-00C04F79EFBC}") = "Task_10", "Task_10\Task_10\Task_10.csproj", "{E4281A6E-4639-48E2-8DB5-96015D6F5662}"
EndProject
Global
	GlobalSection(SolutionConfigurationPlatforms) = preSolution
		Ad-Hoc|Any CPU = Ad-Hoc|Any CPU
		Ad-Hoc|iPhone = Ad-Hoc|iPhone
		Ad-Hoc|iPhoneSimulator = Ad-Hoc|iPhoneSimulator
		AppStore|Any CPU = AppStore|Any CPU
		AppStore|iPhone = AppStore|iPhone
		AppStore|iPhoneSimulator = AppStore|iPhoneSimulator
		Debug|Any CPU = Debug|Any CPU
		Debug|iPhone = Debug|iPhone
		Debug|iPhoneSimulator = Debug|iPhoneSimulator
		Release|Any CPU = Release|Any CPU
		Release|iPhone = Release|iPhone
		Release|iPhoneSimulator = Release|iPhoneSimulator
	EndGlobalSection
	GlobalSection(ProjectConfigurationPlatforms) = postSolution
		{D905FC84-E804-4163-8272-78B1D01F391B}.Ad-Hoc|Any CPU.ActiveCfg = Release|Any CPU
		{D905FC84-E804-4163-8272-78B1D01F391B}.Ad-Hoc|Any CPU.Build.0 = Release|Any CPU
		{D905FC84-E804-4163-8272-78B1D01F391B}.Ad-Hoc|Any CPU.Deploy.0 = Release|Any CPU
		{D905FC84-E804-4163-8272-78B1D01F391B}.Ad-Hoc|iPhone.ActiveCfg = Release|Any CPU
		{D905FC84-E804-4163-8272-78B1D01F391B}.Ad-Hoc|iPhone.Build.0 = Release|Any CPU
		{D905FC84-E804-4163-8272-78B1D01F391B}.Ad-Hoc|iPhone.Deploy.0 = Release|Any CPU
		{D905FC84-E804-4163-8272-78B1D01F391B}.Ad-Hoc|iPhoneSimulator.ActiveCfg = Release|Any CPU
		{D905FC84-E804-4163-8272-78B1D01F391B}.Ad-Hoc|iPhoneSimulator.Build.0 = Release|Any CPU
		{D905FC84-E804-4163-8272-78B1D01F391B}.Ad-Hoc|iPhoneSimulator.Deploy.0 = Release|Any CPU
		{D905FC84-E804-4163-8272-78B1D01F391B}.AppStore|Any CPU.ActiveCfg = Release|Any CPU
		{D905FC84-E804-4163-8272-78B1D01F391B}.AppStore|Any CPU.Build.0 = Release|Any CPU
		{D905FC84-E804-4163-8272-78B1D01F391B}.AppStore|Any CPU.Deploy.0 = Release|Any CPU
		{D905FC84-E804-4163-8272-78B1D01F391B}.AppStore|iPhone.ActiveCfg = Release|Any CPU
		{D905FC84-E804-4163-8272-78B1D01F391B}.AppStore|iPhone.Build.0 = Release|Any CPU
		{D905FC84-E804-4163-8272-78B1D01F391B}.AppStore|iPhone.Deploy.0 = Release|Any CPU
		{D905FC84-E804-4163-8272-78B1D01F391B}.AppStore|iPhoneSimulator.ActiveCfg = Release|Any CPU
		{D905FC84-E804-4163-8272-78B1D01F391B}.AppStore|iPhoneSimulator.Build.0 = Release|Any CPU
		{D905FC84-E804-4163-8272-78B1D01F391B}.AppStore|iPhoneSimulator.Deploy.0 = Release|Any CPU
		{D905FC84-E804-4163-8272-78B1D01F391B}.Debug|Any CPU.ActiveCfg = Debug|Any CPU
		{D905FC84-E804-4163-8272-78B1D01F391B}.Debug|Any CPU.Build.0 = Debug|Any CPU
		{D905FC84-E804-4163-8272-78B1D01F391B}.Debug|Any CPU.Deploy.0 = Debug|Any CPU
		{D905FC84-E804-4163-8272-78B1D01F391B}.Debug|iPhone.ActiveCfg = Debug|Any CPU
		{D905FC84-E804-4163-8272-78B1D01F391B}.Debug|iPhone.Build.0 = Debug|Any CPU
		{D905FC84-E804-4163-8272-78B1D01F391B}.Debug|iPhone.Deploy.0 = Debug|Any CPU
		{D905FC84-E804-4163-8272-78B1D01F391B}.Debug|iPhoneSimulator.ActiveCfg = Debug|Any CPU
		{D905FC84-E804-4163-8272-78B1D01F391B}.Debug|iPhoneSimulator.Build.0 = Debug|Any CPU
		{D905FC84-E804-4163-8272-78B1D01F391B}.Debug|iPhoneSimulator.Deploy.0 = Debug|Any CPU
		{D905FC84-E804-4163-8272-78B1D01F391B}.Release|Any CPU.ActiveCfg = Release|Any CPU
		{D905FC84-E804-4163-8272-78B1D01F391B}.Release|Any CPU.Build.0 = Release|Any CPU
		{D905FC84-E804-4163-8272-78B1D01F391B}.Release|Any CPU.Deploy.0 = Release|Any CPU
		{D905FC84-E804-4163-8272-78B1D01F391B}.Release|iPhone.ActiveCfg = Release|Any CPU
		{D905FC84-E804-4163-8272-78B1D01F391B}.Release|iPhone.Build.0 = Release|Any CPU
		{D905FC84-E804-4163-8272-78B1D01F391B}.Release|iPhone.Deploy.0 = Release|Any CPU
		{D905FC84-E804-4163-8272-78B1D01F391B}.Release|iPhoneSimulator.ActiveCfg = Release|Any CPU
		{D905FC84-E804-4163-8272-78B1D01F391B}.Release|iPhoneSimulator.Build.0 = Release|Any CPU
		{D905FC84-E804-4163-8272-78B1D01F391B}.Release|iPhoneSimulator.Deploy.0 = Release|Any CPU
		{5D1CF034-6216-4C99-9698-9A2AB1E7094C}.Ad-Hoc|Any CPU.ActiveCfg = Ad-Hoc|iPhone
		{5D1CF034-6216-4C99-9698-9A2AB1E7094C}.Ad-Hoc|iPhone.ActiveCfg = Ad-Hoc|iPhone
		{5D1CF034-6216-4C99-9698-9A2AB1E7094C}.Ad-Hoc|iPhone.Build.0 = Ad-Hoc|iPhone
		{5D1CF034-6216-4C99-9698-9A2AB1E7094C}.Ad-Hoc|iPhoneSimulator.ActiveCfg = Ad-Hoc|iPhoneSimulator
		{5D1CF034-6216-4C99-9698-9A2AB1E7094C}.Ad-Hoc|iPhoneSimulator.Build.0 = Ad-Hoc|iPhoneSimulator
		{5D1CF034-6216-4C99-9698-9A2AB1E7094C}.AppStore|Any CPU.ActiveCfg = AppStore|iPhone
		{5D1CF034-6216-4C99-9698-9A2AB1E7094C}.AppStore|iPhone.ActiveCfg = AppStore|iPhone
		{5D1CF034-6216-4C99-9698-9A2AB1E7094C}.AppStore|iPhone.Build.0 = AppStore|iPhone
		{5D1CF034-6216-4C99-9698-9A2AB1E7094C}.AppStore|iPhoneSimulator.ActiveCfg = AppStore|iPhoneSimulator
		{5D1CF034-6216-4C99-9698-9A2AB1E7094C}.AppStore|iPhoneSimulator.Build.0 = AppStore|iPhoneSimulator
		{5D1CF034-6216-4C99-9698-9A2AB1E7094C}.Debug|Any CPU.ActiveCfg = Debug|iPhone
		{5D1CF034-6216-4C99-9698-9A2AB1E7094C}.Debug|iPhone.ActiveCfg = Debug|iPhone
		{5D1CF034-6216-4C99-9698-9A2AB1E7094C}.Debug|iPhone.Build.0 = Debug|iPhone
		{5D1CF034-6216-4C99-9698-9A2AB1E7094C}.Debug|iPhoneSimulator.ActiveCfg = Debug|iPhoneSimulator
		{5D1CF034-6216-4C99-9698-9A2AB1E7094C}.Debug|iPhoneSimulator.Build.0 = Debug|iPhoneSimulator
		{5D1CF034-6216-4C99-9698-9A2AB1E7094C}.Release|Any CPU.ActiveCfg = Release|iPhone
		{5D1CF034-6216-4C99-9698-9A2AB1E7094C}.Release|iPhone.ActiveCfg = Release|iPhone
		{5D1CF034-6216-4C99-9698-9A2AB1E7094C}.Release|iPhone.Build.0 = Release|iPhone
		{5D1CF034-6216-4C99-9698-9A2AB1E7094C}.Release|iPhoneSimulator.ActiveCfg = Release|iPhoneSimulator
		{5D1CF034-6216-4C99-9698-9A2AB1E7094C}.Release|iPhoneSimulator.Build.0 = Release|iPhoneSimulator
		{E4281A6E-4639-48E2-8DB5-96015D6F5662}.Ad-Hoc|Any CPU.ActiveCfg = Debug|Any CPU
		{E4281A6E-4639-48E2-8DB5-96015D6F5662}.Ad-Hoc|Any CPU.Build.0 = Debug|Any CPU
		{E4281A6E-4639-48E2-8DB5-96015D6F5662}.Ad-Hoc|iPhone.ActiveCfg = Debug|Any CPU
		{E4281A6E-4639-48E2-8DB5-96015D6F5662}.Ad-Hoc|iPhone.Build.0 = Debug|Any CPU
		{E4281A6E-4639-48E2-8DB5-96015D6F5662}.Ad-Hoc|iPhoneSimulator.ActiveCfg = Debug|Any CPU
		{E4281A6E-4639-48E2-8DB5-96015D6F5662}.Ad-Hoc|iPhoneSimulator.Build.0 = Debug|Any CPU
		{E4281A6E-4639-48E2-8DB5-96015D6F5662}.AppStore|Any CPU.ActiveCfg = Debug|Any CPU
		{E4281A6E-4639-48E2-8DB5-96015D6F5662}.AppStore|Any CPU.Build.0 = Debug|Any CPU
		{E4281A6E-4639-48E2-8DB5-96015D6F5662}.AppStore|iPhone.ActiveCfg = Debug|Any CPU
		{E4281A6E-4639-48E2-8DB5-96015D6F5662}.AppStore|iPhone.Build.0 = Debug|Any CPU
		{E4281A6E-4639-48E2-8DB5-96015D6F5662}.AppStore|iPhoneSimulator.ActiveCfg = Debug|Any CPU
		{E4281A6E-4639-48E2-8DB5-96015D6F5662}.AppStore|iPhoneSimulator.Build.0 = Debug|Any CPU
		{E4281A6E-4639-48E2-8DB5-96015D6F5662}.Debug|Any CPU.ActiveCfg = Debug|Any CPU
		{E4281A6E-4639-48E2-8DB5-96015D6F5662}.Debug|Any CPU.Build.0 = Debug|Any CPU
		{E4281A6E-4639-48E2-8DB5-96015D6F5662}.Debug|iPhone.ActiveCfg = Debug|Any CPU
		{E4281A6E-4639-48E2-8DB5-96015D6F5662}.Debug|iPhone.Build.0 = Debug|Any CPU
		{E4281A6E-4639-48E2-8DB5-96015D6F5662}.Debug|iPhoneSimulator.ActiveCfg = Debug|Any CPU
		{E4281A6E-4639-48E2-8DB5-96015D6F5662}.Debug|iPhoneSimulator.Build.0 = Debug|Any CPU
		{E4281A6E-4639-48E2-8DB5-96015D6F5662}.Release|Any CPU.ActiveCfg = Release|Any CPU
		{E4281A6E-4639-48E2-8DB5-96015D6F5662}.Release|Any CPU.Build.0 = Release|Any CPU
		{E4281A6E-4639-48E2-8DB5-96015D6F5662}.Release|iPhone.ActiveCfg = Release|Any CPU
		{E4281A6E-4639-48E2-8DB5-96015D6F5662}.Release|iPhone.Build.0 = Release|Any CPU
		{E4281A6E-4639-48E2-8DB5-96015D6F5662}.Release|iPhoneSimulator.ActiveCfg = Release|Any CPU
		{E4281A6E-4639-48E2-8DB5-96015D6F5662}.Release|iPhoneSimulator.Build.0 = Release|Any CPU
	EndGlobalSection
	GlobalSection(SolutionProperties) = preSolution
		HideSolutionNode = FALSE
	EndGlobalSection
	GlobalSection(ExtensibilityGlobals) = postSolution
		SolutionGuid = {4465562B-53F4-44B0-9D59-C318F5A86AFD}
	EndGlobalSection
EndGlobal
