
Microsoft Visual Studio Solution File, Format Version 12.00
# Visual Studio 15
VisualStudioVersion = 15.0.27130.2010
MinimumVisualStudioVersion = 10.0.40219.1
Project("{FAE04EC0-301F-11D3-BF4B-00C04F79EFBC}") = "Master.Android", "Master\Master.Android\Master.Android.csproj", "{E0233437-0F37-4ACA-AF10-A08A56D40491}"
EndProject
Project("{FAE04EC0-301F-11D3-BF4B-00C04F79EFBC}") = "Master.iOS", "Master\Master.iOS\Master.iOS.csproj", "{1F8FE3E7-7CD0-4E9B-80D8-910440827F7C}"
EndProject
Project("{FAE04EC0-301F-11D3-BF4B-00C04F79EFBC}") = "Master", "Master\Master\Master.csproj", "{05C0733B-1E1F-4DA4-9F2F-2A64C33ADA87}"
EndProject
Global
	GlobalSection(SolutionConfigurationPlatforms) = preSolution
		Ad-Hoc|Any CPU = Ad-Hoc|Any CPU
		Ad-Hoc|iPhone = Ad-Hoc|iPhone
		Ad-Hoc|iPhoneSimulator = Ad-Hoc|iPhoneSimulator
		AppStore|Any CPU = AppStore|Any CPU
		AppStore|iPhone = AppStore|iPhone
		AppStore|iPhoneSimulator = AppStore|iPhoneSimulator
		Debug|Any CPU = Debug|Any CPU
		Debug|iPhone = Debug|iPhone
		Debug|iPhoneSimulator = Debug|iPhoneSimulator
		Release|Any CPU = Release|Any CPU
		Release|iPhone = Release|iPhone
		Release|iPhoneSimulator = Release|iPhoneSimulator
	EndGlobalSection
	GlobalSection(ProjectConfigurationPlatforms) = postSolution
		{E0233437-0F37-4ACA-AF10-A08A56D40491}.Ad-Hoc|Any CPU.ActiveCfg = Release|Any CPU
		{E0233437-0F37-4ACA-AF10-A08A56D40491}.Ad-Hoc|Any CPU.Build.0 = Release|Any CPU
		{E0233437-0F37-4ACA-AF10-A08A56D40491}.Ad-Hoc|Any CPU.Deploy.0 = Release|Any CPU
		{E0233437-0F37-4ACA-AF10-A08A56D40491}.Ad-Hoc|iPhone.ActiveCfg = Release|Any CPU
		{E0233437-0F37-4ACA-AF10-A08A56D40491}.Ad-Hoc|iPhone.Build.0 = Release|Any CPU
		{E0233437-0F37-4ACA-AF10-A08A56D40491}.Ad-Hoc|iPhone.Deploy.0 = Release|Any CPU
		{E0233437-0F37-4ACA-AF10-A08A56D40491}.Ad-Hoc|iPhoneSimulator.ActiveCfg = Release|Any CPU
		{E0233437-0F37-4ACA-AF10-A08A56D40491}.Ad-Hoc|iPhoneSimulator.Build.0 = Release|Any CPU
		{E0233437-0F37-4ACA-AF10-A08A56D40491}.Ad-Hoc|iPhoneSimulator.Deploy.0 = Release|Any CPU
		{E0233437-0F37-4ACA-AF10-A08A56D40491}.AppStore|Any CPU.ActiveCfg = Release|Any CPU
		{E0233437-0F37-4ACA-AF10-A08A56D40491}.AppStore|Any CPU.Build.0 = Release|Any CPU
		{E0233437-0F37-4ACA-AF10-A08A56D40491}.AppStore|Any CPU.Deploy.0 = Release|Any CPU
		{E0233437-0F37-4ACA-AF10-A08A56D40491}.AppStore|iPhone.ActiveCfg = Release|Any CPU
		{E0233437-0F37-4ACA-AF10-A08A56D40491}.AppStore|iPhone.Build.0 = Release|Any CPU
		{E0233437-0F37-4ACA-AF10-A08A56D40491}.AppStore|iPhone.Deploy.0 = Release|Any CPU
		{E0233437-0F37-4ACA-AF10-A08A56D40491}.AppStore|iPhoneSimulator.ActiveCfg = Release|Any CPU
		{E0233437-0F37-4ACA-AF10-A08A56D40491}.AppStore|iPhoneSimulator.Build.0 = Release|Any CPU
		{E0233437-0F37-4ACA-AF10-A08A56D40491}.AppStore|iPhoneSimulator.Deploy.0 = Release|Any CPU
		{E0233437-0F37-4ACA-AF10-A08A56D40491}.Debug|Any CPU.ActiveCfg = Debug|Any CPU
		{E0233437-0F37-4ACA-AF10-A08A56D40491}.Debug|Any CPU.Build.0 = Debug|Any CPU
		{E0233437-0F37-4ACA-AF10-A08A56D40491}.Debug|Any CPU.Deploy.0 = Debug|Any CPU
		{E0233437-0F37-4ACA-AF10-A08A56D40491}.Debug|iPhone.ActiveCfg = Debug|Any CPU
		{E0233437-0F37-4ACA-AF10-A08A56D40491}.Debug|iPhone.Build.0 = Debug|Any CPU
		{E0233437-0F37-4ACA-AF10-A08A56D40491}.Debug|iPhone.Deploy.0 = Debug|Any CPU
		{E0233437-0F37-4ACA-AF10-A08A56D40491}.Debug|iPhoneSimulator.ActiveCfg = Debug|Any CPU
		{E0233437-0F37-4ACA-AF10-A08A56D40491}.Debug|iPhoneSimulator.Build.0 = Debug|Any CPU
		{E0233437-0F37-4ACA-AF10-A08A56D40491}.Debug|iPhoneSimulator.Deploy.0 = Debug|Any CPU
		{E0233437-0F37-4ACA-AF10-A08A56D40491}.Release|Any CPU.ActiveCfg = Release|Any CPU
		{E0233437-0F37-4ACA-AF10-A08A56D40491}.Release|Any CPU.Build.0 = Release|Any CPU
		{E0233437-0F37-4ACA-AF10-A08A56D40491}.Release|Any CPU.Deploy.0 = Release|Any CPU
		{E0233437-0F37-4ACA-AF10-A08A56D40491}.Release|iPhone.ActiveCfg = Release|Any CPU
		{E0233437-0F37-4ACA-AF10-A08A56D40491}.Release|iPhone.Build.0 = Release|Any CPU
		{E0233437-0F37-4ACA-AF10-A08A56D40491}.Release|iPhone.Deploy.0 = Release|Any CPU
		{E0233437-0F37-4ACA-AF10-A08A56D40491}.Release|iPhoneSimulator.ActiveCfg = Release|Any CPU
		{E0233437-0F37-4ACA-AF10-A08A56D40491}.Release|iPhoneSimulator.Build.0 = Release|Any CPU
		{E0233437-0F37-4ACA-AF10-A08A56D40491}.Release|iPhoneSimulator.Deploy.0 = Release|Any CPU
		{1F8FE3E7-7CD0-4E9B-80D8-910440827F7C}.Ad-Hoc|Any CPU.ActiveCfg = Ad-Hoc|iPhone
		{1F8FE3E7-7CD0-4E9B-80D8-910440827F7C}.Ad-Hoc|iPhone.ActiveCfg = Ad-Hoc|iPhone
		{1F8FE3E7-7CD0-4E9B-80D8-910440827F7C}.Ad-Hoc|iPhone.Build.0 = Ad-Hoc|iPhone
		{1F8FE3E7-7CD0-4E9B-80D8-910440827F7C}.Ad-Hoc|iPhoneSimulator.ActiveCfg = Ad-Hoc|iPhoneSimulator
		{1F8FE3E7-7CD0-4E9B-80D8-910440827F7C}.Ad-Hoc|iPhoneSimulator.Build.0 = Ad-Hoc|iPhoneSimulator
		{1F8FE3E7-7CD0-4E9B-80D8-910440827F7C}.AppStore|Any CPU.ActiveCfg = AppStore|iPhone
		{1F8FE3E7-7CD0-4E9B-80D8-910440827F7C}.AppStore|iPhone.ActiveCfg = AppStore|iPhone
		{1F8FE3E7-7CD0-4E9B-80D8-910440827F7C}.AppStore|iPhone.Build.0 = AppStore|iPhone
		{1F8FE3E7-7CD0-4E9B-80D8-910440827F7C}.AppStore|iPhoneSimulator.ActiveCfg = AppStore|iPhoneSimulator
		{1F8FE3E7-7CD0-4E9B-80D8-910440827F7C}.AppStore|iPhoneSimulator.Build.0 = AppStore|iPhoneSimulator
		{1F8FE3E7-7CD0-4E9B-80D8-910440827F7C}.Debug|Any CPU.ActiveCfg = Debug|iPhone
		{1F8FE3E7-7CD0-4E9B-80D8-910440827F7C}.Debug|iPhone.ActiveCfg = Debug|iPhone
		{1F8FE3E7-7CD0-4E9B-80D8-910440827F7C}.Debug|iPhone.Build.0 = Debug|iPhone
		{1F8FE3E7-7CD0-4E9B-80D8-910440827F7C}.Debug|iPhoneSimulator.ActiveCfg = Debug|iPhoneSimulator
		{1F8FE3E7-7CD0-4E9B-80D8-910440827F7C}.Debug|iPhoneSimulator.Build.0 = Debug|iPhoneSimulator
		{1F8FE3E7-7CD0-4E9B-80D8-910440827F7C}.Release|Any CPU.ActiveCfg = Release|iPhone
		{1F8FE3E7-7CD0-4E9B-80D8-910440827F7C}.Release|iPhone.ActiveCfg = Release|iPhone
		{1F8FE3E7-7CD0-4E9B-80D8-910440827F7C}.Release|iPhone.Build.0 = Release|iPhone
		{1F8FE3E7-7CD0-4E9B-80D8-910440827F7C}.Release|iPhoneSimulator.ActiveCfg = Release|iPhoneSimulator
		{1F8FE3E7-7CD0-4E9B-80D8-910440827F7C}.Release|iPhoneSimulator.Build.0 = Release|iPhoneSimulator
		{05C0733B-1E1F-4DA4-9F2F-2A64C33ADA87}.Ad-Hoc|Any CPU.ActiveCfg = Debug|Any CPU
		{05C0733B-1E1F-4DA4-9F2F-2A64C33ADA87}.Ad-Hoc|Any CPU.Build.0 = Debug|Any CPU
		{05C0733B-1E1F-4DA4-9F2F-2A64C33ADA87}.Ad-Hoc|iPhone.ActiveCfg = Debug|Any CPU
		{05C0733B-1E1F-4DA4-9F2F-2A64C33ADA87}.Ad-Hoc|iPhone.Build.0 = Debug|Any CPU
		{05C0733B-1E1F-4DA4-9F2F-2A64C33ADA87}.Ad-Hoc|iPhoneSimulator.ActiveCfg = Debug|Any CPU
		{05C0733B-1E1F-4DA4-9F2F-2A64C33ADA87}.Ad-Hoc|iPhoneSimulator.Build.0 = Debug|Any CPU
		{05C0733B-1E1F-4DA4-9F2F-2A64C33ADA87}.AppStore|Any CPU.ActiveCfg = Debug|Any CPU
		{05C0733B-1E1F-4DA4-9F2F-2A64C33ADA87}.AppStore|Any CPU.Build.0 = Debug|Any CPU
		{05C0733B-1E1F-4DA4-9F2F-2A64C33ADA87}.AppStore|iPhone.ActiveCfg = Debug|Any CPU
		{05C0733B-1E1F-4DA4-9F2F-2A64C33ADA87}.AppStore|iPhone.Build.0 = Debug|Any CPU
		{05C0733B-1E1F-4DA4-9F2F-2A64C33ADA87}.AppStore|iPhoneSimulator.ActiveCfg = Debug|Any CPU
		{05C0733B-1E1F-4DA4-9F2F-2A64C33ADA87}.AppStore|iPhoneSimulator.Build.0 = Debug|Any CPU
		{05C0733B-1E1F-4DA4-9F2F-2A64C33ADA87}.Debug|Any CPU.ActiveCfg = Debug|Any CPU
		{05C0733B-1E1F-4DA4-9F2F-2A64C33ADA87}.Debug|Any CPU.Build.0 = Debug|Any CPU
		{05C0733B-1E1F-4DA4-9F2F-2A64C33ADA87}.Debug|iPhone.ActiveCfg = Debug|Any CPU
		{05C0733B-1E1F-4DA4-9F2F-2A64C33ADA87}.Debug|iPhone.Build.0 = Debug|Any CPU
		{05C0733B-1E1F-4DA4-9F2F-2A64C33ADA87}.Debug|iPhoneSimulator.ActiveCfg = Debug|Any CPU
		{05C0733B-1E1F-4DA4-9F2F-2A64C33ADA87}.Debug|iPhoneSimulator.Build.0 = Debug|Any CPU
		{05C0733B-1E1F-4DA4-9F2F-2A64C33ADA87}.Release|Any CPU.ActiveCfg = Release|Any CPU
		{05C0733B-1E1F-4DA4-9F2F-2A64C33ADA87}.Release|Any CPU.Build.0 = Release|Any CPU
		{05C0733B-1E1F-4DA4-9F2F-2A64C33ADA87}.Release|iPhone.ActiveCfg = Release|Any CPU
		{05C0733B-1E1F-4DA4-9F2F-2A64C33ADA87}.Release|iPhone.Build.0 = Release|Any CPU
		{05C0733B-1E1F-4DA4-9F2F-2A64C33ADA87}.Release|iPhoneSimulator.ActiveCfg = Release|Any CPU
		{05C0733B-1E1F-4DA4-9F2F-2A64C33ADA87}.Release|iPhoneSimulator.Build.0 = Release|Any CPU
	EndGlobalSection
	GlobalSection(SolutionProperties) = preSolution
		HideSolutionNode = FALSE
	EndGlobalSection
	GlobalSection(ExtensibilityGlobals) = postSolution
		SolutionGuid = {76BA5642-0493-4567-ABFF-F0C56588CA2A}
	EndGlobalSection
EndGlobal
