
Microsoft Visual Studio Solution File, Format Version 12.00
# Visual Studio 15
VisualStudioVersion = 15.0.27130.2027
MinimumVisualStudioVersion = 10.0.40219.1
Project("{FAE04EC0-301F-11D3-BF4B-00C04F79EFBC}") = "UITesting.Android", "UITesting\UITesting.Android\UITesting.Android.csproj", "{FBAE90E3-D963-4286-8E72-A493F995ADB1}"
EndProject
Project("{FAE04EC0-301F-11D3-BF4B-00C04F79EFBC}") = "UITesting.iOS", "UITesting\UITesting.iOS\UITesting.iOS.csproj", "{16845D8A-C1B7-4459-834F-E0E934A9604C}"
EndProject
Project("{FAE04EC0-301F-11D3-BF4B-00C04F79EFBC}") = "UITesting", "UITesting\UITesting\UITesting.csproj", "{B745E443-6869-429F-A5B5-6E43E2DDD623}"
EndProject
Global
	GlobalSection(SolutionConfigurationPlatforms) = preSolution
		Ad-Hoc|Any CPU = Ad-Hoc|Any CPU
		Ad-Hoc|iPhone = Ad-Hoc|iPhone
		Ad-Hoc|iPhoneSimulator = Ad-Hoc|iPhoneSimulator
		AppStore|Any CPU = AppStore|Any CPU
		AppStore|iPhone = AppStore|iPhone
		AppStore|iPhoneSimulator = AppStore|iPhoneSimulator
		Debug|Any CPU = Debug|Any CPU
		Debug|iPhone = Debug|iPhone
		Debug|iPhoneSimulator = Debug|iPhoneSimulator
		Release|Any CPU = Release|Any CPU
		Release|iPhone = Release|iPhone
		Release|iPhoneSimulator = Release|iPhoneSimulator
	EndGlobalSection
	GlobalSection(ProjectConfigurationPlatforms) = postSolution
		{FBAE90E3-D963-4286-8E72-A493F995ADB1}.Ad-Hoc|Any CPU.ActiveCfg = Release|Any CPU
		{FBAE90E3-D963-4286-8E72-A493F995ADB1}.Ad-Hoc|Any CPU.Build.0 = Release|Any CPU
		{FBAE90E3-D963-4286-8E72-A493F995ADB1}.Ad-Hoc|Any CPU.Deploy.0 = Release|Any CPU
		{FBAE90E3-D963-4286-8E72-A493F995ADB1}.Ad-Hoc|iPhone.ActiveCfg = Release|Any CPU
		{FBAE90E3-D963-4286-8E72-A493F995ADB1}.Ad-Hoc|iPhone.Build.0 = Release|Any CPU
		{FBAE90E3-D963-4286-8E72-A493F995ADB1}.Ad-Hoc|iPhone.Deploy.0 = Release|Any CPU
		{FBAE90E3-D963-4286-8E72-A493F995ADB1}.Ad-Hoc|iPhoneSimulator.ActiveCfg = Release|Any CPU
		{FBAE90E3-D963-4286-8E72-A493F995ADB1}.Ad-Hoc|iPhoneSimulator.Build.0 = Release|Any CPU
		{FBAE90E3-D963-4286-8E72-A493F995ADB1}.Ad-Hoc|iPhoneSimulator.Deploy.0 = Release|Any CPU
		{FBAE90E3-D963-4286-8E72-A493F995ADB1}.AppStore|Any CPU.ActiveCfg = Release|Any CPU
		{FBAE90E3-D963-4286-8E72-A493F995ADB1}.AppStore|Any CPU.Build.0 = Release|Any CPU
		{FBAE90E3-D963-4286-8E72-A493F995ADB1}.AppStore|Any CPU.Deploy.0 = Release|Any CPU
		{FBAE90E3-D963-4286-8E72-A493F995ADB1}.AppStore|iPhone.ActiveCfg = Release|Any CPU
		{FBAE90E3-D963-4286-8E72-A493F995ADB1}.AppStore|iPhone.Build.0 = Release|Any CPU
		{FBAE90E3-D963-4286-8E72-A493F995ADB1}.AppStore|iPhone.Deploy.0 = Release|Any CPU
		{FBAE90E3-D963-4286-8E72-A493F995ADB1}.AppStore|iPhoneSimulator.ActiveCfg = Release|Any CPU
		{FBAE90E3-D963-4286-8E72-A493F995ADB1}.AppStore|iPhoneSimulator.Build.0 = Release|Any CPU
		{FBAE90E3-D963-4286-8E72-A493F995ADB1}.AppStore|iPhoneSimulator.Deploy.0 = Release|Any CPU
		{FBAE90E3-D963-4286-8E72-A493F995ADB1}.Debug|Any CPU.ActiveCfg = Debug|Any CPU
		{FBAE90E3-D963-4286-8E72-A493F995ADB1}.Debug|Any CPU.Build.0 = Debug|Any CPU
		{FBAE90E3-D963-4286-8E72-A493F995ADB1}.Debug|Any CPU.Deploy.0 = Debug|Any CPU
		{FBAE90E3-D963-4286-8E72-A493F995ADB1}.Debug|iPhone.ActiveCfg = Debug|Any CPU
		{FBAE90E3-D963-4286-8E72-A493F995ADB1}.Debug|iPhone.Build.0 = Debug|Any CPU
		{FBAE90E3-D963-4286-8E72-A493F995ADB1}.Debug|iPhone.Deploy.0 = Debug|Any CPU
		{FBAE90E3-D963-4286-8E72-A493F995ADB1}.Debug|iPhoneSimulator.ActiveCfg = Debug|Any CPU
		{FBAE90E3-D963-4286-8E72-A493F995ADB1}.Debug|iPhoneSimulator.Build.0 = Debug|Any CPU
		{FBAE90E3-D963-4286-8E72-A493F995ADB1}.Debug|iPhoneSimulator.Deploy.0 = Debug|Any CPU
		{FBAE90E3-D963-4286-8E72-A493F995ADB1}.Release|Any CPU.ActiveCfg = Release|Any CPU
		{FBAE90E3-D963-4286-8E72-A493F995ADB1}.Release|Any CPU.Build.0 = Release|Any CPU
		{FBAE90E3-D963-4286-8E72-A493F995ADB1}.Release|Any CPU.Deploy.0 = Release|Any CPU
		{FBAE90E3-D963-4286-8E72-A493F995ADB1}.Release|iPhone.ActiveCfg = Release|Any CPU
		{FBAE90E3-D963-4286-8E72-A493F995ADB1}.Release|iPhone.Build.0 = Release|Any CPU
		{FBAE90E3-D963-4286-8E72-A493F995ADB1}.Release|iPhone.Deploy.0 = Release|Any CPU
		{FBAE90E3-D963-4286-8E72-A493F995ADB1}.Release|iPhoneSimulator.ActiveCfg = Release|Any CPU
		{FBAE90E3-D963-4286-8E72-A493F995ADB1}.Release|iPhoneSimulator.Build.0 = Release|Any CPU
		{FBAE90E3-D963-4286-8E72-A493F995ADB1}.Release|iPhoneSimulator.Deploy.0 = Release|Any CPU
		{16845D8A-C1B7-4459-834F-E0E934A9604C}.Ad-Hoc|Any CPU.ActiveCfg = Ad-Hoc|iPhone
		{16845D8A-C1B7-4459-834F-E0E934A9604C}.Ad-Hoc|iPhone.ActiveCfg = Ad-Hoc|iPhone
		{16845D8A-C1B7-4459-834F-E0E934A9604C}.Ad-Hoc|iPhone.Build.0 = Ad-Hoc|iPhone
		{16845D8A-C1B7-4459-834F-E0E934A9604C}.Ad-Hoc|iPhoneSimulator.ActiveCfg = Ad-Hoc|iPhoneSimulator
		{16845D8A-C1B7-4459-834F-E0E934A9604C}.Ad-Hoc|iPhoneSimulator.Build.0 = Ad-Hoc|iPhoneSimulator
		{16845D8A-C1B7-4459-834F-E0E934A9604C}.AppStore|Any CPU.ActiveCfg = AppStore|iPhone
		{16845D8A-C1B7-4459-834F-E0E934A9604C}.AppStore|iPhone.ActiveCfg = AppStore|iPhone
		{16845D8A-C1B7-4459-834F-E0E934A9604C}.AppStore|iPhone.Build.0 = AppStore|iPhone
		{16845D8A-C1B7-4459-834F-E0E934A9604C}.AppStore|iPhoneSimulator.ActiveCfg = AppStore|iPhoneSimulator
		{16845D8A-C1B7-4459-834F-E0E934A9604C}.AppStore|iPhoneSimulator.Build.0 = AppStore|iPhoneSimulator
		{16845D8A-C1B7-4459-834F-E0E934A9604C}.Debug|Any CPU.ActiveCfg = Debug|iPhone
		{16845D8A-C1B7-4459-834F-E0E934A9604C}.Debug|iPhone.ActiveCfg = Debug|iPhone
		{16845D8A-C1B7-4459-834F-E0E934A9604C}.Debug|iPhone.Build.0 = Debug|iPhone
		{16845D8A-C1B7-4459-834F-E0E934A9604C}.Debug|iPhoneSimulator.ActiveCfg = Debug|iPhoneSimulator
		{16845D8A-C1B7-4459-834F-E0E934A9604C}.Debug|iPhoneSimulator.Build.0 = Debug|iPhoneSimulator
		{16845D8A-C1B7-4459-834F-E0E934A9604C}.Release|Any CPU.ActiveCfg = Release|iPhone
		{16845D8A-C1B7-4459-834F-E0E934A9604C}.Release|iPhone.ActiveCfg = Release|iPhone
		{16845D8A-C1B7-4459-834F-E0E934A9604C}.Release|iPhone.Build.0 = Release|iPhone
		{16845D8A-C1B7-4459-834F-E0E934A9604C}.Release|iPhoneSimulator.ActiveCfg = Release|iPhoneSimulator
		{16845D8A-C1B7-4459-834F-E0E934A9604C}.Release|iPhoneSimulator.Build.0 = Release|iPhoneSimulator
		{B745E443-6869-429F-A5B5-6E43E2DDD623}.Ad-Hoc|Any CPU.ActiveCfg = Debug|Any CPU
		{B745E443-6869-429F-A5B5-6E43E2DDD623}.Ad-Hoc|Any CPU.Build.0 = Debug|Any CPU
		{B745E443-6869-429F-A5B5-6E43E2DDD623}.Ad-Hoc|iPhone.ActiveCfg = Debug|Any CPU
		{B745E443-6869-429F-A5B5-6E43E2DDD623}.Ad-Hoc|iPhone.Build.0 = Debug|Any CPU
		{B745E443-6869-429F-A5B5-6E43E2DDD623}.Ad-Hoc|iPhoneSimulator.ActiveCfg = Debug|Any CPU
		{B745E443-6869-429F-A5B5-6E43E2DDD623}.Ad-Hoc|iPhoneSimulator.Build.0 = Debug|Any CPU
		{B745E443-6869-429F-A5B5-6E43E2DDD623}.AppStore|Any CPU.ActiveCfg = Debug|Any CPU
		{B745E443-6869-429F-A5B5-6E43E2DDD623}.AppStore|Any CPU.Build.0 = Debug|Any CPU
		{B745E443-6869-429F-A5B5-6E43E2DDD623}.AppStore|iPhone.ActiveCfg = Debug|Any CPU
		{B745E443-6869-429F-A5B5-6E43E2DDD623}.AppStore|iPhone.Build.0 = Debug|Any CPU
		{B745E443-6869-429F-A5B5-6E43E2DDD623}.AppStore|iPhoneSimulator.ActiveCfg = Debug|Any CPU
		{B745E443-6869-429F-A5B5-6E43E2DDD623}.AppStore|iPhoneSimulator.Build.0 = Debug|Any CPU
		{B745E443-6869-429F-A5B5-6E43E2DDD623}.Debug|Any CPU.ActiveCfg = Debug|Any CPU
		{B745E443-6869-429F-A5B5-6E43E2DDD623}.Debug|Any CPU.Build.0 = Debug|Any CPU
		{B745E443-6869-429F-A5B5-6E43E2DDD623}.Debug|iPhone.ActiveCfg = Debug|Any CPU
		{B745E443-6869-429F-A5B5-6E43E2DDD623}.Debug|iPhone.Build.0 = Debug|Any CPU
		{B745E443-6869-429F-A5B5-6E43E2DDD623}.Debug|iPhoneSimulator.ActiveCfg = Debug|Any CPU
		{B745E443-6869-429F-A5B5-6E43E2DDD623}.Debug|iPhoneSimulator.Build.0 = Debug|Any CPU
		{B745E443-6869-429F-A5B5-6E43E2DDD623}.Release|Any CPU.ActiveCfg = Release|Any CPU
		{B745E443-6869-429F-A5B5-6E43E2DDD623}.Release|Any CPU.Build.0 = Release|Any CPU
		{B745E443-6869-429F-A5B5-6E43E2DDD623}.Release|iPhone.ActiveCfg = Release|Any CPU
		{B745E443-6869-429F-A5B5-6E43E2DDD623}.Release|iPhone.Build.0 = Release|Any CPU
		{B745E443-6869-429F-A5B5-6E43E2DDD623}.Release|iPhoneSimulator.ActiveCfg = Release|Any CPU
		{B745E443-6869-429F-A5B5-6E43E2DDD623}.Release|iPhoneSimulator.Build.0 = Release|Any CPU
	EndGlobalSection
	GlobalSection(SolutionProperties) = preSolution
		HideSolutionNode = FALSE
	EndGlobalSection
	GlobalSection(ExtensibilityGlobals) = postSolution
		SolutionGuid = {0762FE4E-C79A-46FC-8ACB-160AB371EE74}
	EndGlobalSection
EndGlobal
